
Microsoft Visual Studio Solution File, Format Version 12.00
# Visual Studio Version 16
VisualStudioVersion = 16.0.29519.181
MinimumVisualStudioVersion = 10.0.40219.1
Project("{9A19103F-16F7-4668-BE54-9A1E7A4F7556}") = "01ConsoleApp", "01ConsoleApp\01ConsoleApp.csproj", "{2C52A1F7-8B8A-4C5F-8351-A08A82266A34}"
EndProject
Project("{FAE04EC0-301F-11D3-BF4B-00C04F79EFBC}") = "02Numbers", "02Numbers\02Numbers.csproj", "{D7FDB3D3-1ADE-4437-99E6-1532F4817F78}"
EndProject
Global
	GlobalSection(SolutionConfigurationPlatforms) = preSolution
		Debug|Any CPU = Debug|Any CPU
		Release|Any CPU = Release|Any CPU
	EndGlobalSection
	GlobalSection(ProjectConfigurationPlatforms) = postSolution
		{2C52A1F7-8B8A-4C5F-8351-A08A82266A34}.Debug|Any CPU.ActiveCfg = Debug|Any CPU
		{2C52A1F7-8B8A-4C5F-8351-A08A82266A34}.Debug|Any CPU.Build.0 = Debug|Any CPU
		{2C52A1F7-8B8A-4C5F-8351-A08A82266A34}.Release|Any CPU.ActiveCfg = Release|Any CPU
		{2C52A1F7-8B8A-4C5F-8351-A08A82266A34}.Release|Any CPU.Build.0 = Release|Any CPU
		{D7FDB3D3-1ADE-4437-99E6-1532F4817F78}.Debug|Any CPU.ActiveCfg = Debug|Any CPU
		{D7FDB3D3-1ADE-4437-99E6-1532F4817F78}.Debug|Any CPU.Build.0 = Debug|Any CPU
		{D7FDB3D3-1ADE-4437-99E6-1532F4817F78}.Release|Any CPU.ActiveCfg = Release|Any CPU
		{D7FDB3D3-1ADE-4437-99E6-1532F4817F78}.Release|Any CPU.Build.0 = Release|Any CPU
	EndGlobalSection
	GlobalSection(SolutionProperties) = preSolution
		HideSolutionNode = FALSE
	EndGlobalSection
	GlobalSection(ExtensibilityGlobals) = postSolution
		SolutionGuid = {FF0380D6-1F21-4D97-BB50-0FB2604E22B8}
	EndGlobalSection
EndGlobal
